
Microsoft Visual Studio Solution File, Format Version 12.00
# Visual Studio Version 17
VisualStudioVersion = 17.11.35222.181
MinimumVisualStudioVersion = 10.0.40219.1
Project("{FAE04EC0-301F-11D3-BF4B-00C04F79EFBC}") = "NQueen", "NQueen\NQueen.csproj", "{2D131F3F-EDA1-4CA2-AA05-3660ED150E73}"
EndProject
Project("{FAE04EC0-301F-11D3-BF4B-00C04F79EFBC}") = "NQueenUnitTests", "NQueenUnitTests\NQueenUnitTests.csproj", "{9352078E-55B3-44CD-B626-6A49255E4B01}"
EndProject
Global
	GlobalSection(SolutionConfigurationPlatforms) = preSolution
		Debug|Any CPU = Debug|Any CPU
		Release|Any CPU = Release|Any CPU
	EndGlobalSection
	GlobalSection(ProjectConfigurationPlatforms) = postSolution
		{2D131F3F-EDA1-4CA2-AA05-3660ED150E73}.Debug|Any CPU.ActiveCfg = Debug|Any CPU
		{2D131F3F-EDA1-4CA2-AA05-3660ED150E73}.Debug|Any CPU.Build.0 = Debug|Any CPU
		{2D131F3F-EDA1-4CA2-AA05-3660ED150E73}.Release|Any CPU.ActiveCfg = Release|Any CPU
		{2D131F3F-EDA1-4CA2-AA05-3660ED150E73}.Release|Any CPU.Build.0 = Release|Any CPU
		{9352078E-55B3-44CD-B626-6A49255E4B01}.Debug|Any CPU.ActiveCfg = Debug|Any CPU
		{9352078E-55B3-44CD-B626-6A49255E4B01}.Debug|Any CPU.Build.0 = Debug|Any CPU
		{9352078E-55B3-44CD-B626-6A49255E4B01}.Release|Any CPU.ActiveCfg = Release|Any CPU
		{9352078E-55B3-44CD-B626-6A49255E4B01}.Release|Any CPU.Build.0 = Release|Any CPU
	EndGlobalSection
	GlobalSection(SolutionProperties) = preSolution
		HideSolutionNode = FALSE
	EndGlobalSection
	GlobalSection(ExtensibilityGlobals) = postSolution
		SolutionGuid = {C6DC01D9-6897-4EEC-B24D-E5533EDEFD05}
	EndGlobalSection
EndGlobal
